{
    "_readme": [
        "This file locks the dependencies of your project to a known state",
        "Read more about it at https://getcomposer.org/doc/01-basic-usage.md#composer-lock-the-lock-file",
        "This file is @generated automatically"
    ],
    "content-hash": "b11daa688f9c8a99d6798dcf158df5ef",
    "packages": [
        {
            "name": "gughovh/aragil",
            "version": "0.0.3",
            "source": {
                "type": "git",
                "url": "https://github.com/gugohovhannisyan/aragil.git",
                "reference": "431aeb435e26648617a2e480d503131068e5e99e"
            },
            "dist": {
                "type": "zip",
                "url": "https://api.github.com/repos/gugohovhannisyan/aragil/zipball/431aeb435e26648617a2e480d503131068e5e99e",
                "reference": "431aeb435e26648617a2e480d503131068e5e99e",
                "shasum": ""
            },
            "require": {
                "php": ">=7.0.0"
            },
            "type": "library",
            "autoload": {
                "psr-4": {
                    "Aragil\\": "src/"
                },
                "files": [
                    "src/Helpers/functions.php"
                ]
            },
            "notification-url": "https://packagist.org/downloads/",
            "license": [
                "MIT"
            ],
            "description": "The Aragil Framework.",
            "keywords": [
                "aragil",
                "framework"
            ],
            "time": "2017-12-11T09:24:06+00:00"
        }
    ],
    "packages-dev": [],
    "aliases": [],
    "minimum-stability": "stable",
    "stability-flags": [],
    "prefer-stable": false,
    "prefer-lowest": false,
    "platform": [],
    "platform-dev": []
}
