{
    "_readme": [
        "This file locks the dependencies of your project to a known state",
        "Read more about it at https://getcomposer.org/doc/01-basic-usage.md#composer-lock-the-lock-file",
        "This file is @generated automatically"
    ],
    "content-hash": "0212fc2055a2718e0722f3debfbcf69a",
    "packages": [
        {
            "name": "gughovh/aragil",
            "version": "0.0.26",
            "source": {
                "type": "git",
                "url": "https://github.com/gugohovhannisyan/aragil.git",
                "reference": "5362a8bc1a2f8893e84faebc0582ffc9d8c96b64"
            },
            "dist": {
                "type": "zip",
                "url": "https://api.github.com/repos/gugohovhannisyan/aragil/zipball/5362a8bc1a2f8893e84faebc0582ffc9d8c96b64",
                "reference": "5362a8bc1a2f8893e84faebc0582ffc9d8c96b64",
                "shasum": ""
            },
            "require": {
                "php": ">=7.0.0"
            },
            "type": "library",
            "autoload": {
                "psr-4": {
                    "Aragil\\": "src/"
                },
                "files": [
                    "src/Helpers/functions.php"
                ]
            },
            "notification-url": "https://packagist.org/downloads/",
            "license": [
                "MIT"
            ],
            "description": "The Aragil Framework.",
            "keywords": [
                "aragil",
                "framework"
            ],
            "time": "2017-12-20T09:09:12+00:00"
        }
    ],
    "packages-dev": [],
    "aliases": [],
    "minimum-stability": "stable",
    "stability-flags": [],
    "prefer-stable": false,
    "prefer-lowest": false,
    "platform": {
        "php": ">=7.0.0"
    },
    "platform-dev": []
}
